
Microsoft Visual Studio Solution File, Format Version 12.00
# Visual Studio 15
VisualStudioVersion = 15.0.27428.2015
MinimumVisualStudioVersion = 10.0.40219.1
Project("{FAE04EC0-301F-11D3-BF4B-00C04F79EFBC}") = "AngularJsDemo", "AngularJsDemo\AngularJsDemo.csproj", "{A07681DE-D43A-419A-AE61-78C93CA3FCFE}"
EndProject
Global
	GlobalSection(SolutionConfigurationPlatforms) = preSolution
		Debug|Any CPU = Debug|Any CPU
		Release|Any CPU = Release|Any CPU
	EndGlobalSection
	GlobalSection(ProjectConfigurationPlatforms) = postSolution
		{A07681DE-D43A-419A-AE61-78C93CA3FCFE}.Debug|Any CPU.ActiveCfg = Debug|Any CPU
		{A07681DE-D43A-419A-AE61-78C93CA3FCFE}.Debug|Any CPU.Build.0 = Debug|Any CPU
		{A07681DE-D43A-419A-AE61-78C93CA3FCFE}.Release|Any CPU.ActiveCfg = Release|Any CPU
		{A07681DE-D43A-419A-AE61-78C93CA3FCFE}.Release|Any CPU.Build.0 = Release|Any CPU
	EndGlobalSection
	GlobalSection(SolutionProperties) = preSolution
		HideSolutionNode = FALSE
	EndGlobalSection
	GlobalSection(ExtensibilityGlobals) = postSolution
		SolutionGuid = {77E6D39A-FF1E-425F-85CE-AC433BB79FB2}
	EndGlobalSection
EndGlobal
